
Microsoft Visual Studio Solution File, Format Version 12.00
# Visual Studio Version 17
VisualStudioVersion = 17.2.32616.157
MinimumVisualStudioVersion = 10.0.40219.1
Project("{FAE04EC0-301F-11D3-BF4B-00C04F79EFBC}") = "MSTestExampleProject", "MSTestExampleProject.csproj", "{BD22B875-0935-4E94-8212-C69D97BBC0C9}"
EndProject
Project("{9A19103F-16F7-4668-BE54-9A1E7A4F7556}") = "CloudBeat.Frameworks.MSTest", "..\cb-framework-plugin-mstest\CloudBeat.Frameworks.MSTest.csproj", "{CC4C23B1-ECCC-4F69-9BB3-1048A6459A78}"
EndProject
Global
	GlobalSection(SolutionConfigurationPlatforms) = preSolution
		Debug|Any CPU = Debug|Any CPU
		Release|Any CPU = Release|Any CPU
	EndGlobalSection
	GlobalSection(ProjectConfigurationPlatforms) = postSolution
		{BD22B875-0935-4E94-8212-C69D97BBC0C9}.Debug|Any CPU.ActiveCfg = Debug|Any CPU
		{BD22B875-0935-4E94-8212-C69D97BBC0C9}.Debug|Any CPU.Build.0 = Debug|Any CPU
		{BD22B875-0935-4E94-8212-C69D97BBC0C9}.Release|Any CPU.ActiveCfg = Release|Any CPU
		{BD22B875-0935-4E94-8212-C69D97BBC0C9}.Release|Any CPU.Build.0 = Release|Any CPU
		{CC4C23B1-ECCC-4F69-9BB3-1048A6459A78}.Debug|Any CPU.ActiveCfg = Debug|Any CPU
		{CC4C23B1-ECCC-4F69-9BB3-1048A6459A78}.Debug|Any CPU.Build.0 = Debug|Any CPU
		{CC4C23B1-ECCC-4F69-9BB3-1048A6459A78}.Release|Any CPU.ActiveCfg = Release|Any CPU
		{CC4C23B1-ECCC-4F69-9BB3-1048A6459A78}.Release|Any CPU.Build.0 = Release|Any CPU
	EndGlobalSection
	GlobalSection(SolutionProperties) = preSolution
		HideSolutionNode = FALSE
	EndGlobalSection
	GlobalSection(ExtensibilityGlobals) = postSolution
		SolutionGuid = {284CC9BD-702F-47CC-B536-770A248815E5}
	EndGlobalSection
EndGlobal
